<?xml version="1.0" encoding="utf-8"?>
<Project ToolsVersion="4.0" xmlns="http://schemas.microsoft.com/developer/msbuild/2003">
  <ItemGroup>
    <ClCompile Include="main.cpp" />
    <ClCompile Include="stdafx.cpp" />
    <ClCompile Include="Core\Core.cpp">
      <Filter>Core</Filter>
    </ClCompile>
    <ClCompile Include="Managers\ConfigManager.cpp">
      <Filter>Managers</Filter>
    </ClCompile>
    <ClCompile Include="Managers\WidgetManager.cpp">
      <Filter>Managers</Filter>
    </ClCompile>
    <ClCompile Include="Gui\GuiButton.cpp">
      <Filter>Gui</Filter>
    </ClCompile>
    <ClCompile Include="Gui\GuiElement.cpp">
      <Filter>Gui</Filter>
    </ClCompile>
    <ClCompile Include="Gui\GuiImage.cpp">
      <Filter>Gui</Filter>
    </ClCompile>
    <ClCompile Include="Gui\GuiSystem.cpp">
      <Filter>Gui</Filter>
    </ClCompile>
    <ClCompile Include="Gui\GuiText.cpp">
      <Filter>Gui</Filter>
    </ClCompile>
    <ClCompile Include="Utils\TexturePooler.cpp">
      <Filter>Utils</Filter>
    </ClCompile>
    <ClCompile Include="Utils\GlobalConstants.cpp">
      <Filter>Utils</Filter>
    </ClCompile>
    <ClCompile Include="Utils\Transformation.cpp">
      <Filter>Utils</Filter>
    </ClCompile>
    <ClCompile Include="Utils\Utils.cpp">
      <Filter>Utils</Filter>
    </ClCompile>
    <ClCompile Include="Widgets\WidgetWindowCapture.cpp">
      <Filter>Widgets</Filter>
    </ClCompile>
    <ClCompile Include="Widgets\WidgetStats.cpp">
      <Filter>Widgets</Filter>
    </ClCompile>
    <ClCompile Include="Widgets\WidgetKeyboard.cpp">
      <Filter>Widgets</Filter>
    </ClCompile>
    <ClCompile Include="Widgets\Widget.cpp">
      <Filter>Widgets</Filter>
    </ClCompile>
    <ClCompile Include="vendor\pugixml\src\pugixml.cpp">
      <Filter>vendor\pugixml\src</Filter>
    </ClCompile>
    <ClCompile Include="Utils\WindowCapturer.cpp">
      <Filter>Utils</Filter>
    </ClCompile>
    <ClCompile Include="Core\VRDevicesStates.cpp">
      <Filter>Core</Filter>
    </ClCompile>
    <ClCompile Include="Utils\VROverlay.cpp">
      <Filter>Utils</Filter>
    </ClCompile>
    <ClCompile Include="Utils\VRDashOverlay.cpp">
      <Filter>Utils</Filter>
    </ClCompile>
  </ItemGroup>
  <ItemGroup>
    <ClInclude Include="resource.h" />
    <ClInclude Include="stdafx.h" />
    <ClInclude Include="Core\Core.h">
      <Filter>Core</Filter>
    </ClInclude>
    <ClInclude Include="Managers\ConfigManager.h">
      <Filter>Managers</Filter>
    </ClInclude>
    <ClInclude Include="Managers\WidgetManager.h">
      <Filter>Managers</Filter>
    </ClInclude>
    <ClInclude Include="Gui\GuiButton.h">
      <Filter>Gui</Filter>
    </ClInclude>
    <ClInclude Include="Gui\GuiElement.h">
      <Filter>Gui</Filter>
    </ClInclude>
    <ClInclude Include="Gui\GuiImage.h">
      <Filter>Gui</Filter>
    </ClInclude>
    <ClInclude Include="Gui\GuiStructures.h">
      <Filter>Gui</Filter>
    </ClInclude>
    <ClInclude Include="Gui\GuiSystem.h">
      <Filter>Gui</Filter>
    </ClInclude>
    <ClInclude Include="Gui\GuiText.h">
      <Filter>Gui</Filter>
    </ClInclude>
    <ClInclude Include="Utils\TexturePooler.h">
      <Filter>Utils</Filter>
    </ClInclude>
    <ClInclude Include="Utils\Transformation.h">
      <Filter>Utils</Filter>
    </ClInclude>
    <ClInclude Include="Utils\Utils.h">
      <Filter>Utils</Filter>
    </ClInclude>
    <ClInclude Include="Widgets\WidgetWindowCapture.h">
      <Filter>Widgets</Filter>
    </ClInclude>
    <ClInclude Include="Widgets\WidgetStats.h">
      <Filter>Widgets</Filter>
    </ClInclude>
    <ClInclude Include="Widgets\WidgetKeyboard.h">
      <Filter>Widgets</Filter>
    </ClInclude>
    <ClInclude Include="Widgets\Widget.h">
      <Filter>Widgets</Filter>
    </ClInclude>
    <ClInclude Include="Utils\WindowCapturer.h">
      <Filter>Utils</Filter>
    </ClInclude>
    <ClInclude Include="Core\VRDevicesStates.h">
      <Filter>Core</Filter>
    </ClInclude>
    <ClInclude Include="Utils\VROverlay.h">
      <Filter>Utils</Filter>
    </ClInclude>
    <ClInclude Include="Utils\VRDashOverlay.h">
      <Filter>Utils</Filter>
    </ClInclude>
  </ItemGroup>
  <ItemGroup>
    <ResourceCompile Include="openvr_widgets.rc" />
  </ItemGroup>
  <ItemGroup>
    <Image Include="icon.ico" />
  </ItemGroup>
  <ItemGroup>
    <Filter Include="Core">
      <UniqueIdentifier>{16be3a10-e0ef-48a2-b689-1daec79c385b}</UniqueIdentifier>
    </Filter>
    <Filter Include="Managers">
      <UniqueIdentifier>{b23213e8-51e1-4bd2-ad3a-260ce5357bc2}</UniqueIdentifier>
    </Filter>
    <Filter Include="Widgets">
      <UniqueIdentifier>{56d3058e-938b-4b23-824e-20e036c32655}</UniqueIdentifier>
    </Filter>
    <Filter Include="Gui">
      <UniqueIdentifier>{32b7b947-7714-4c87-bb32-9ed5e6c5a7b8}</UniqueIdentifier>
    </Filter>
    <Filter Include="Utils">
      <UniqueIdentifier>{08bba8ab-9f26-472e-81e1-d7a978f5f11d}</UniqueIdentifier>
    </Filter>
    <Filter Include="vendor">
      <UniqueIdentifier>{0e0ba9aa-9f3a-41c1-8444-fbad3d41b322}</UniqueIdentifier>
    </Filter>
    <Filter Include="vendor\pugixml">
      <UniqueIdentifier>{be173a3c-1557-4a5b-9675-8e58d6dfbb7a}</UniqueIdentifier>
    </Filter>
    <Filter Include="vendor\pugixml\src">
      <UniqueIdentifier>{db03a71f-7b2c-4f80-9598-dfde0dbcaced}</UniqueIdentifier>
    </Filter>
  </ItemGroup>
</Project>